
Microsoft Visual Studio Solution File, Format Version 12.00
# Visual Studio Version 17
VisualStudioVersion = 17.12.35527.113
MinimumVisualStudioVersion = 10.0.40219.1
Project("{FAE04EC0-301F-11D3-BF4B-00C04F79EFBC}") = "Business", "Business\Business.csproj", "{DDF7B7D2-2EEA-4A06-A4AF-8EAE2D323C66}"
EndProject
Project("{FAE04EC0-301F-11D3-BF4B-00C04F79EFBC}") = "ViewModel", "ViewModel\ViewModel.csproj", "{D864DDD3-A20E-4215-B968-13F5D105F57A}"
EndProject
Global
	GlobalSection(SolutionConfigurationPlatforms) = preSolution
		Debug|Any CPU = Debug|Any CPU
		Release|Any CPU = Release|Any CPU
	EndGlobalSection
	GlobalSection(ProjectConfigurationPlatforms) = postSolution
		{DDF7B7D2-2EEA-4A06-A4AF-8EAE2D323C66}.Debug|Any CPU.ActiveCfg = Debug|Any CPU
		{DDF7B7D2-2EEA-4A06-A4AF-8EAE2D323C66}.Debug|Any CPU.Build.0 = Debug|Any CPU
		{DDF7B7D2-2EEA-4A06-A4AF-8EAE2D323C66}.Release|Any CPU.ActiveCfg = Release|Any CPU
		{DDF7B7D2-2EEA-4A06-A4AF-8EAE2D323C66}.Release|Any CPU.Build.0 = Release|Any CPU
		{D864DDD3-A20E-4215-B968-13F5D105F57A}.Debug|Any CPU.ActiveCfg = Debug|Any CPU
		{D864DDD3-A20E-4215-B968-13F5D105F57A}.Debug|Any CPU.Build.0 = Debug|Any CPU
		{D864DDD3-A20E-4215-B968-13F5D105F57A}.Release|Any CPU.ActiveCfg = Release|Any CPU
		{D864DDD3-A20E-4215-B968-13F5D105F57A}.Release|Any CPU.Build.0 = Release|Any CPU
	EndGlobalSection
	GlobalSection(SolutionProperties) = preSolution
		HideSolutionNode = FALSE
	EndGlobalSection
EndGlobal
